
Microsoft Visual Studio Solution File, Format Version 12.00
# Visual Studio Version 16
VisualStudioVersion = 16.0.30517.126
MinimumVisualStudioVersion = 10.0.40219.1
Project("{FAE04EC0-301F-11D3-BF4B-00C04F79EFBC}") = "Irimies_Mircea_lab7", "Irimies_Mircea_lab7\Irimies_Mircea_lab7.csproj", "{B88D18B2-6DC8-4701-9895-41AF64E8E09E}"
EndProject
Project("{FAE04EC0-301F-11D3-BF4B-00C04F79EFBC}") = "AutoLotModel", "AutoLotModel\AutoLotModel.csproj", "{633DF7B0-F909-4531-8C1B-75B0D7F3523B}"
EndProject
Global
	GlobalSection(SolutionConfigurationPlatforms) = preSolution
		Debug|Any CPU = Debug|Any CPU
		Release|Any CPU = Release|Any CPU
	EndGlobalSection
	GlobalSection(ProjectConfigurationPlatforms) = postSolution
		{B88D18B2-6DC8-4701-9895-41AF64E8E09E}.Debug|Any CPU.ActiveCfg = Debug|Any CPU
		{B88D18B2-6DC8-4701-9895-41AF64E8E09E}.Debug|Any CPU.Build.0 = Debug|Any CPU
		{B88D18B2-6DC8-4701-9895-41AF64E8E09E}.Release|Any CPU.ActiveCfg = Release|Any CPU
		{B88D18B2-6DC8-4701-9895-41AF64E8E09E}.Release|Any CPU.Build.0 = Release|Any CPU
		{633DF7B0-F909-4531-8C1B-75B0D7F3523B}.Debug|Any CPU.ActiveCfg = Debug|Any CPU
		{633DF7B0-F909-4531-8C1B-75B0D7F3523B}.Debug|Any CPU.Build.0 = Debug|Any CPU
		{633DF7B0-F909-4531-8C1B-75B0D7F3523B}.Release|Any CPU.ActiveCfg = Release|Any CPU
		{633DF7B0-F909-4531-8C1B-75B0D7F3523B}.Release|Any CPU.Build.0 = Release|Any CPU
	EndGlobalSection
	GlobalSection(SolutionProperties) = preSolution
		HideSolutionNode = FALSE
	EndGlobalSection
	GlobalSection(ExtensibilityGlobals) = postSolution
		SolutionGuid = {21329672-1AC6-4997-938F-7CA9B71D1B9C}
	EndGlobalSection
EndGlobal
